// !$*UTF8*$!
{
	archiveVersion = 1;
	classes = {
	};
	objectVersion = 48;
	objects = {

/* Begin PBXBuildFile section */
		2F1048F6AF3A241B2C8E2874 /* Pods_TestProject.framework in Frameworks */ = {isa = PBXBuildFile; fileRef = EF8836AEB4DBC5E21905B19C /* Pods_TestProject.framework */; };
		D770FD0F1FBB1EC10034CDEC /* TextFieldExampleViewController.swift in Sources */ = {isa = PBXBuildFile; fileRef = D770FD0E1FBB1EC10034CDEC /* TextFieldExampleViewController.swift */; };
		D770FD111FBB34700034CDEC /* ABCViewController.swift in Sources */ = {isa = PBXBuildFile; fileRef = D770FD101FBB34700034CDEC /* ABCViewController.swift */; };
		D795C0AE1F9C8CDD002A3846 /* AppDelegate.swift in Sources */ = {isa = PBXBuildFile; fileRef = D795C0AD1F9C8CDD002A3846 /* AppDelegate.swift */; };
		D795C0B01F9C8CDD002A3846 /* ViewController.swift in Sources */ = {isa = PBXBuildFile; fileRef = D795C0AF1F9C8CDD002A3846 /* ViewController.swift */; };
		D795C0B31F9C8CDD002A3846 /* Main.storyboard in Resources */ = {isa = PBXBuildFile; fileRef = D795C0B11F9C8CDD002A3846 /* Main.storyboard */; };
		D795C0B51F9C8CDD002A3846 /* Assets.xcassets in Resources */ = {isa = PBXBuildFile; fileRef = D795C0B41F9C8CDD002A3846 /* Assets.xcassets */; };
		D795C0B81F9C8CDD002A3846 /* LaunchScreen.storyboard in Resources */ = {isa = PBXBuildFile; fileRef = D795C0B61F9C8CDD002A3846 /* LaunchScreen.storyboard */; };
		D7F92C021FBF295600BAC2E1 /* PlaygroundViewController.swift in Sources */ = {isa = PBXBuildFile; fileRef = D7F92C011FBF295600BAC2E1 /* PlaygroundViewController.swift */; };
		D7F92C051FBF7DAC00BAC2E1 /* SendAPIViewController.swift in Sources */ = {isa = PBXBuildFile; fileRef = D7F92C041FBF7DAC00BAC2E1 /* SendAPIViewController.swift */; };
/* End PBXBuildFile section */

/* Begin PBXFileReference section */
		461139C871701DD89C0B6F3E /* Pods-TestProject.debug.xcconfig */ = {isa = PBXFileReference; includeInIndex = 1; lastKnownFileType = text.xcconfig; name = "Pods-TestProject.debug.xcconfig"; path = "Pods/Target Support Files/Pods-TestProject/Pods-TestProject.debug.xcconfig"; sourceTree = "<group>"; };
		CA804E2FD2A74B9C353614C4 /* Pods-TestProject.release.xcconfig */ = {isa = PBXFileReference; includeInIndex = 1; lastKnownFileType = text.xcconfig; name = "Pods-TestProject.release.xcconfig"; path = "Pods/Target Support Files/Pods-TestProject/Pods-TestProject.release.xcconfig"; sourceTree = "<group>"; };
		D770FD0E1FBB1EC10034CDEC /* TextFieldExampleViewController.swift */ = {isa = PBXFileReference; lastKnownFileType = sourcecode.swift; path = TextFieldExampleViewController.swift; sourceTree = "<group>"; };
		D770FD101FBB34700034CDEC /* ABCViewController.swift */ = {isa = PBXFileReference; lastKnownFileType = sourcecode.swift; path = ABCViewController.swift; sourceTree = "<group>"; };
		D795C0AA1F9C8CDD002A3846 /* TestProject.app */ = {isa = PBXFileReference; explicitFileType = wrapper.application; includeInIndex = 0; path = TestProject.app; sourceTree = BUILT_PRODUCTS_DIR; };
		D795C0AD1F9C8CDD002A3846 /* AppDelegate.swift */ = {isa = PBXFileReference; lastKnownFileType = sourcecode.swift; path = AppDelegate.swift; sourceTree = "<group>"; };
		D795C0AF1F9C8CDD002A3846 /* ViewController.swift */ = {isa = PBXFileReference; lastKnownFileType = sourcecode.swift; path = ViewController.swift; sourceTree = "<group>"; };
		D795C0B21F9C8CDD002A3846 /* Base */ = {isa = PBXFileReference; lastKnownFileType = file.storyboard; name = Base; path = Base.lproj/Main.storyboard; sourceTree = "<group>"; };
		D795C0B41F9C8CDD002A3846 /* Assets.xcassets */ = {isa = PBXFileReference; lastKnownFileType = folder.assetcatalog; path = Assets.xcassets; sourceTree = "<group>"; };
		D795C0B71F9C8CDD002A3846 /* Base */ = {isa = PBXFileReference; lastKnownFileType = file.storyboard; name = Base; path = Base.lproj/LaunchScreen.storyboard; sourceTree = "<group>"; };
		D795C0B91F9C8CDD002A3846 /* Info.plist */ = {isa = PBXFileReference; lastKnownFileType = text.plist.xml; path = Info.plist; sourceTree = "<group>"; };
		D7F92C011FBF295600BAC2E1 /* PlaygroundViewController.swift */ = {isa = PBXFileReference; lastKnownFileType = sourcecode.swift; path = PlaygroundViewController.swift; sourceTree = "<group>"; };
		D7F92C041FBF7DAC00BAC2E1 /* SendAPIViewController.swift */ = {isa = PBXFileReference; lastKnownFileType = sourcecode.swift; path = SendAPIViewController.swift; sourceTree = "<group>"; };
		EF8836AEB4DBC5E21905B19C /* Pods_TestProject.framework */ = {isa = PBXFileReference; explicitFileType = wrapper.framework; includeInIndex = 0; path = Pods_TestProject.framework; sourceTree = BUILT_PRODUCTS_DIR; };
/* End PBXFileReference section */

/* Begin PBXFrameworksBuildPhase section */
		D795C0A71F9C8CDD002A3846 /* Frameworks */ = {
			isa = PBXFrameworksBuildPhase;
			buildActionMask = 2147483647;
			files = (
				2F1048F6AF3A241B2C8E2874 /* Pods_TestProject.framework in Frameworks */,
			);
			runOnlyForDeploymentPostprocessing = 0;
		};
/* End PBXFrameworksBuildPhase section */

/* Begin PBXGroup section */
		25FD393E606C2AB54A3E75FA /* Frameworks */ = {
			isa = PBXGroup;
			children = (
				EF8836AEB4DBC5E21905B19C /* Pods_TestProject.framework */,
			);
			name = Frameworks;
			sourceTree = "<group>";
		};
		CBA92C21B9233167D6F7AF6F /* Pods */ = {
			isa = PBXGroup;
			children = (
				461139C871701DD89C0B6F3E /* Pods-TestProject.debug.xcconfig */,
				CA804E2FD2A74B9C353614C4 /* Pods-TestProject.release.xcconfig */,
			);
			name = Pods;
			sourceTree = "<group>";
		};
		D795C0A11F9C8CDD002A3846 = {
			isa = PBXGroup;
			children = (
				D795C0AC1F9C8CDD002A3846 /* TestProject */,
				D795C0AB1F9C8CDD002A3846 /* Products */,
				CBA92C21B9233167D6F7AF6F /* Pods */,
				25FD393E606C2AB54A3E75FA /* Frameworks */,
			);
			sourceTree = "<group>";
		};
		D795C0AB1F9C8CDD002A3846 /* Products */ = {
			isa = PBXGroup;
			children = (
				D795C0AA1F9C8CDD002A3846 /* TestProject.app */,
			);
			name = Products;
			sourceTree = "<group>";
		};
		D795C0AC1F9C8CDD002A3846 /* TestProject */ = {
			isa = PBXGroup;
			children = (
				D795C0AD1F9C8CDD002A3846 /* AppDelegate.swift */,
				D795C0AF1F9C8CDD002A3846 /* ViewController.swift */,
				D795C0B11F9C8CDD002A3846 /* Main.storyboard */,
				D795C0B41F9C8CDD002A3846 /* Assets.xcassets */,
				D795C0B61F9C8CDD002A3846 /* LaunchScreen.storyboard */,
				D795C0B91F9C8CDD002A3846 /* Info.plist */,
				D7F92C011FBF295600BAC2E1 /* PlaygroundViewController.swift */,
				D770FD0E1FBB1EC10034CDEC /* TextFieldExampleViewController.swift */,
				D770FD101FBB34700034CDEC /* ABCViewController.swift */,
				D7F92C041FBF7DAC00BAC2E1 /* SendAPIViewController.swift */,
			);
			path = TestProject;
			sourceTree = "<group>";
		};
/* End PBXGroup section */

/* Begin PBXNativeTarget section */
		D795C0A91F9C8CDD002A3846 /* TestProject */ = {
			isa = PBXNativeTarget;
			buildConfigurationList = D795C0BC1F9C8CDD002A3846 /* Build configuration list for PBXNativeTarget "TestProject" */;
			buildPhases = (
				B7F3CE3FEB6AD69DFC91F160 /* [CP] Check Pods Manifest.lock */,
				D795C0A61F9C8CDD002A3846 /* Sources */,
				D795C0A71F9C8CDD002A3846 /* Frameworks */,
				D795C0A81F9C8CDD002A3846 /* Resources */,
				F52BBDF3FFAB6DCB24FF962C /* [CP] Embed Pods Frameworks */,
				55A84F14C9E657549A0D0F89 /* [CP] Copy Pods Resources */,
			);
			buildRules = (
			);
			dependencies = (
			);
			name = TestProject;
			productName = TestProject;
			productReference = D795C0AA1F9C8CDD002A3846 /* TestProject.app */;
			productType = "com.apple.product-type.application";
		};
/* End PBXNativeTarget section */

/* Begin PBXProject section */
		D795C0A21F9C8CDD002A3846 /* Project object */ = {
			isa = PBXProject;
			attributes = {
				LastSwiftUpdateCheck = 0900;
				LastUpgradeCheck = 0900;
				ORGANIZATIONNAME = intmain;
				TargetAttributes = {
					D795C0A91F9C8CDD002A3846 = {
						CreatedOnToolsVersion = 9.0;
						ProvisioningStyle = Automatic;
					};
				};
			};
			buildConfigurationList = D795C0A51F9C8CDD002A3846 /* Build configuration list for PBXProject "TestProject" */;
			compatibilityVersion = "Xcode 8.0";
			developmentRegion = en;
			hasScannedForEncodings = 0;
			knownRegions = (
				en,
				Base,
			);
			mainGroup = D795C0A11F9C8CDD002A3846;
			productRefGroup = D795C0AB1F9C8CDD002A3846 /* Products */;
			projectDirPath = "";
			projectRoot = "";
			targets = (
				D795C0A91F9C8CDD002A3846 /* TestProject */,
			);
		};
/* End PBXProject section */

/* Begin PBXResourcesBuildPhase section */
		D795C0A81F9C8CDD002A3846 /* Resources */ = {
			isa = PBXResourcesBuildPhase;
			buildActionMask = 2147483647;
			files = (
				D795C0B81F9C8CDD002A3846 /* LaunchScreen.storyboard in Resources */,
				D795C0B51F9C8CDD002A3846 /* Assets.xcassets in Resources */,
				D795C0B31F9C8CDD002A3846 /* Main.storyboard in Resources */,
			);
			runOnlyForDeploymentPostprocessing = 0;
		};
/* End PBXResourcesBuildPhase section */

/* Begin PBXShellScriptBuildPhase section */
		55A84F14C9E657549A0D0F89 /* [CP] Copy Pods Resources */ = {
			isa = PBXShellScriptBuildPhase;
			buildActionMask = 2147483647;
			files = (
			);
			inputPaths = (
			);
			name = "[CP] Copy Pods Resources";
			outputPaths = (
			);
			runOnlyForDeploymentPostprocessing = 0;
			shellPath = /bin/sh;
			shellScript = "\"${SRCROOT}/Pods/Target Support Files/Pods-TestProject/Pods-TestProject-resources.sh\"\n";
			showEnvVarsInLog = 0;
		};
		B7F3CE3FEB6AD69DFC91F160 /* [CP] Check Pods Manifest.lock */ = {
			isa = PBXShellScriptBuildPhase;
			buildActionMask = 2147483647;
			files = (
			);
			inputPaths = (
				"${PODS_PODFILE_DIR_PATH}/Podfile.lock",
				"${PODS_ROOT}/Manifest.lock",
			);
			name = "[CP] Check Pods Manifest.lock";
			outputPaths = (
				"$(DERIVED_FILE_DIR)/Pods-TestProject-checkManifestLockResult.txt",
			);
			runOnlyForDeploymentPostprocessing = 0;
			shellPath = /bin/sh;
			shellScript = "diff \"${PODS_PODFILE_DIR_PATH}/Podfile.lock\" \"${PODS_ROOT}/Manifest.lock\" > /dev/null\nif [ $? != 0 ] ; then\n    # print error to STDERR\n    echo \"error: The sandbox is not in sync with the Podfile.lock. Run 'pod install' or update your CocoaPods installation.\" >&2\n    exit 1\nfi\n# This output is used by Xcode 'outputs' to avoid re-running this script phase.\necho \"SUCCESS\" > \"${SCRIPT_OUTPUT_FILE_0}\"\n";
			showEnvVarsInLog = 0;
		};
		F52BBDF3FFAB6DCB24FF962C /* [CP] Embed Pods Frameworks */ = {
			isa = PBXShellScriptBuildPhase;
			buildActionMask = 2147483647;
			files = (
			);
			inputPaths = (
				"${SRCROOT}/Pods/Target Support Files/Pods-TestProject/Pods-TestProject-frameworks.sh",
				"${BUILT_PRODUCTS_DIR}/Alamofire/Alamofire.framework",
				"${BUILT_PRODUCTS_DIR}/RxCocoa/RxCocoa.framework",
				"${BUILT_PRODUCTS_DIR}/RxSwift/RxSwift.framework",
			);
			name = "[CP] Embed Pods Frameworks";
			outputPaths = (
				"${TARGET_BUILD_DIR}/${FRAMEWORKS_FOLDER_PATH}/Alamofire.framework",
				"${TARGET_BUILD_DIR}/${FRAMEWORKS_FOLDER_PATH}/RxCocoa.framework",
				"${TARGET_BUILD_DIR}/${FRAMEWORKS_FOLDER_PATH}/RxSwift.framework",
			);
			runOnlyForDeploymentPostprocessing = 0;
			shellPath = /bin/sh;
			shellScript = "\"${SRCROOT}/Pods/Target Support Files/Pods-TestProject/Pods-TestProject-frameworks.sh\"\n";
			showEnvVarsInLog = 0;
		};
/* End PBXShellScriptBuildPhase section */

/* Begin PBXSourcesBuildPhase section */
		D795C0A61F9C8CDD002A3846 /* Sources */ = {
			isa = PBXSourcesBuildPhase;
			buildActionMask = 2147483647;
			files = (
				D795C0B01F9C8CDD002A3846 /* ViewController.swift in Sources */,
				D795C0AE1F9C8CDD002A3846 /* AppDelegate.swift in Sources */,
				D770FD0F1FBB1EC10034CDEC /* TextFieldExampleViewController.swift in Sources */,
				D7F92C021FBF295600BAC2E1 /* PlaygroundViewController.swift in Sources */,
				D770FD111FBB34700034CDEC /* ABCViewController.swift in Sources */,
				D7F92C051FBF7DAC00BAC2E1 /* SendAPIViewController.swift in Sources */,
			);
			runOnlyForDeploymentPostprocessing = 0;
		};
/* End PBXSourcesBuildPhase section */

/* Begin PBXVariantGroup section */
		D795C0B11F9C8CDD002A3846 /* Main.storyboard */ = {
			isa = PBXVariantGroup;
			children = (
				D795C0B21F9C8CDD002A3846 /* Base */,
			);
			name = Main.storyboard;
			sourceTree = "<group>";
		};
		D795C0B61F9C8CDD002A3846 /* LaunchScreen.storyboard */ = {
			isa = PBXVariantGroup;
			children = (
				D795C0B71F9C8CDD002A3846 /* Base */,
			);
			name = LaunchScreen.storyboard;
			sourceTree = "<group>";
		};
/* End PBXVariantGroup section */

/* Begin XCBuildConfiguration section */
		D795C0BA1F9C8CDD002A3846 /* Debug */ = {
			isa = XCBuildConfiguration;
			buildSettings = {
				ALWAYS_SEARCH_USER_PATHS = NO;
				CLANG_ANALYZER_NONNULL = YES;
				CLANG_ANALYZER_NUMBER_OBJECT_CONVERSION = YES_AGGRESSIVE;
				CLANG_CXX_LANGUAGE_STANDARD = "gnu++14";
				CLANG_CXX_LIBRARY = "libc++";
				CLANG_ENABLE_MODULES = YES;
				CLANG_ENABLE_OBJC_ARC = YES;
				CLANG_WARN_BLOCK_CAPTURE_AUTORELEASING = YES;
				CLANG_WARN_BOOL_CONVERSION = YES;
				CLANG_WARN_COMMA = YES;
				CLANG_WARN_CONSTANT_CONVERSION = YES;
				CLANG_WARN_DIRECT_OBJC_ISA_USAGE = YES_ERROR;
				CLANG_WARN_DOCUMENTATION_COMMENTS = YES;
				CLANG_WARN_EMPTY_BODY = YES;
				CLANG_WARN_ENUM_CONVERSION = YES;
				CLANG_WARN_INFINITE_RECURSION = YES;
				CLANG_WARN_INT_CONVERSION = YES;
				CLANG_WARN_NON_LITERAL_NULL_CONVERSION = YES;
				CLANG_WARN_OBJC_LITERAL_CONVERSION = YES;
				CLANG_WARN_OBJC_ROOT_CLASS = YES_ERROR;
				CLANG_WARN_RANGE_LOOP_ANALYSIS = YES;
				CLANG_WARN_STRICT_PROTOTYPES = YES;
				CLANG_WARN_SUSPICIOUS_MOVE = YES;
				CLANG_WARN_UNGUARDED_AVAILABILITY = YES_AGGRESSIVE;
				CLANG_WARN_UNREACHABLE_CODE = YES;
				CLANG_WARN__DUPLICATE_METHOD_MATCH = YES;
				CODE_SIGN_IDENTITY = "iPhone Developer";
				COPY_PHASE_STRIP = NO;
				DEBUG_INFORMATION_FORMAT = dwarf;
				ENABLE_STRICT_OBJC_MSGSEND = YES;
				ENABLE_TESTABILITY = YES;
				GCC_C_LANGUAGE_STANDARD = gnu11;
				GCC_DYNAMIC_NO_PIC = NO;
				GCC_NO_COMMON_BLOCKS = YES;
				GCC_OPTIMIZATION_LEVEL = 0;
				GCC_PREPROCESSOR_DEFINITIONS = (
					"DEBUG=1",
					"$(inherited)",
				);
				GCC_WARN_64_TO_32_BIT_CONVERSION = YES;
				GCC_WARN_ABOUT_RETURN_TYPE = YES_ERROR;
				GCC_WARN_UNDECLARED_SELECTOR = YES;
				GCC_WARN_UNINITIALIZED_AUTOS = YES_AGGRESSIVE;
				GCC_WARN_UNUSED_FUNCTION = YES;
				GCC_WARN_UNUSED_VARIABLE = YES;
				IPHONEOS_DEPLOYMENT_TARGET = 11.0;
				MTL_ENABLE_DEBUG_INFO = YES;
				ONLY_ACTIVE_ARCH = YES;
				SDKROOT = iphoneos;
				SWIFT_ACTIVE_COMPILATION_CONDITIONS = DEBUG;
				SWIFT_OPTIMIZATION_LEVEL = "-Onone";
			};
			name = Debug;
		};
		D795C0BB1F9C8CDD002A3846 /* Release */ = {
			isa = XCBuildConfiguration;
			buildSettings = {
				ALWAYS_SEARCH_USER_PATHS = NO;
				CLANG_ANALYZER_NONNULL = YES;
				CLANG_ANALYZER_NUMBER_OBJECT_CONVERSION = YES_AGGRESSIVE;
				CLANG_CXX_LANGUAGE_STANDARD = "gnu++14";
				CLANG_CXX_LIBRARY = "libc++";
				CLANG_ENABLE_MODULES = YES;
				CLANG_ENABLE_OBJC_ARC = YES;
				CLANG_WARN_BLOCK_CAPTURE_AUTORELEASING = YES;
				CLANG_WARN_BOOL_CONVERSION = YES;
				CLANG_WARN_COMMA = YES;
				CLANG_WARN_CONSTANT_CONVERSION = YES;
				CLANG_WARN_DIRECT_OBJC_ISA_USAGE = YES_ERROR;
				CLANG_WARN_DOCUMENTATION_COMMENTS = YES;
				CLANG_WARN_EMPTY_BODY = YES;
				CLANG_WARN_ENUM_CONVERSION = YES;
				CLANG_WARN_INFINITE_RECURSION = YES;
				CLANG_WARN_INT_CONVERSION = YES;
				CLANG_WARN_NON_LITERAL_NULL_CONVERSION = YES;
				CLANG_WARN_OBJC_LITERAL_CONVERSION = YES;
				CLANG_WARN_OBJC_ROOT_CLASS = YES_ERROR;
				CLANG_WARN_RANGE_LOOP_ANALYSIS = YES;
				CLANG_WARN_STRICT_PROTOTYPES = YES;
				CLANG_WARN_SUSPICIOUS_MOVE = YES;
				CLANG_WARN_UNGUARDED_AVAILABILITY = YES_AGGRESSIVE;
				CLANG_WARN_UNREACHABLE_CODE = YES;
				CLANG_WARN__DUPLICATE_METHOD_MATCH = YES;
				CODE_SIGN_IDENTITY = "iPhone Developer";
				COPY_PHASE_STRIP = NO;
				DEBUG_INFORMATION_FORMAT = "dwarf-with-dsym";
				ENABLE_NS_ASSERTIONS = NO;
				ENABLE_STRICT_OBJC_MSGSEND = YES;
				GCC_C_LANGUAGE_STANDARD = gnu11;
				GCC_NO_COMMON_BLOCKS = YES;
				GCC_WARN_64_TO_32_BIT_CONVERSION = YES;
				GCC_WARN_ABOUT_RETURN_TYPE = YES_ERROR;
				GCC_WARN_UNDECLARED_SELECTOR = YES;
				GCC_WARN_UNINITIALIZED_AUTOS = YES_AGGRESSIVE;
				GCC_WARN_UNUSED_FUNCTION = YES;
				GCC_WARN_UNUSED_VARIABLE = YES;
				IPHONEOS_DEPLOYMENT_TARGET = 11.0;
				MTL_ENABLE_DEBUG_INFO = NO;
				SDKROOT = iphoneos;
				SWIFT_OPTIMIZATION_LEVEL = "-Owholemodule";
				VALIDATE_PRODUCT = YES;
			};
			name = Release;
		};
		D795C0BD1F9C8CDD002A3846 /* Debug */ = {
			isa = XCBuildConfiguration;
			baseConfigurationReference = 461139C871701DD89C0B6F3E /* Pods-TestProject.debug.xcconfig */;
			buildSettings = {
				ASSETCATALOG_COMPILER_APPICON_NAME = AppIcon;
				CODE_SIGN_STYLE = Automatic;
				DEVELOPMENT_TEAM = CX2K28Z3E9;
				INFOPLIST_FILE = TestProject/Info.plist;
				LD_RUNPATH_SEARCH_PATHS = "$(inherited) @executable_path/Frameworks";
				PRODUCT_BUNDLE_IDENTIFIER = com.iosDeveloper.TestProject;
				PRODUCT_NAME = "$(TARGET_NAME)";
				SWIFT_VERSION = 4.0;
				TARGETED_DEVICE_FAMILY = "1,2";
			};
			name = Debug;
		};
		D795C0BE1F9C8CDD002A3846 /* Release */ = {
			isa = XCBuildConfiguration;
			baseConfigurationReference = CA804E2FD2A74B9C353614C4 /* Pods-TestProject.release.xcconfig */;
			buildSettings = {
				ASSETCATALOG_COMPILER_APPICON_NAME = AppIcon;
				CODE_SIGN_STYLE = Automatic;
				DEVELOPMENT_TEAM = CX2K28Z3E9;
				INFOPLIST_FILE = TestProject/Info.plist;
				LD_RUNPATH_SEARCH_PATHS = "$(inherited) @executable_path/Frameworks";
				PRODUCT_BUNDLE_IDENTIFIER = com.iosDeveloper.TestProject;
				PRODUCT_NAME = "$(TARGET_NAME)";
				SWIFT_VERSION = 4.0;
				TARGETED_DEVICE_FAMILY = "1,2";
			};
			name = Release;
		};
/* End XCBuildConfiguration section */

/* Begin XCConfigurationList section */
		D795C0A51F9C8CDD002A3846 /* Build configuration list for PBXProject "TestProject" */ = {
			isa = XCConfigurationList;
			buildConfigurations = (
				D795C0BA1F9C8CDD002A3846 /* Debug */,
				D795C0BB1F9C8CDD002A3846 /* Release */,
			);
			defaultConfigurationIsVisible = 0;
			defaultConfigurationName = Release;
		};
		D795C0BC1F9C8CDD002A3846 /* Build configuration list for PBXNativeTarget "TestProject" */ = {
			isa = XCConfigurationList;
			buildConfigurations = (
				D795C0BD1F9C8CDD002A3846 /* Debug */,
				D795C0BE1F9C8CDD002A3846 /* Release */,
			);
			defaultConfigurationIsVisible = 0;
			defaultConfigurationName = Release;
		};
/* End XCConfigurationList section */
	};
	rootObject = D795C0A21F9C8CDD002A3846 /* Project object */;
}
